
Microsoft Visual Studio Solution File, Format Version 12.00
# Visual Studio Version 16
VisualStudioVersion = 16.0.31911.196
MinimumVisualStudioVersion = 10.0.40219.1
Project("{FAE04EC0-301F-11D3-BF4B-00C04F79EFBC}") = "Task2", "Task2\Task2.csproj", "{37417928-0ECE-4F20-B52B-63127EA9D83D}"
EndProject
Project("{FAE04EC0-301F-11D3-BF4B-00C04F79EFBC}") = "Task4", "Task4\Task4.csproj", "{2A9DAAC7-73F0-42D9-8C0E-1D222C22B29A}"
EndProject
Project("{FAE04EC0-301F-11D3-BF4B-00C04F79EFBC}") = "Task6", "Task6\Task6.csproj", "{8F141EF2-1DB7-4C03-BA6C-6FD9F82F9F2F}"
EndProject
Global
	GlobalSection(SolutionConfigurationPlatforms) = preSolution
		Debug|Any CPU = Debug|Any CPU
		Release|Any CPU = Release|Any CPU
	EndGlobalSection
	GlobalSection(ProjectConfigurationPlatforms) = postSolution
		{37417928-0ECE-4F20-B52B-63127EA9D83D}.Debug|Any CPU.ActiveCfg = Debug|Any CPU
		{37417928-0ECE-4F20-B52B-63127EA9D83D}.Debug|Any CPU.Build.0 = Debug|Any CPU
		{37417928-0ECE-4F20-B52B-63127EA9D83D}.Release|Any CPU.ActiveCfg = Release|Any CPU
		{37417928-0ECE-4F20-B52B-63127EA9D83D}.Release|Any CPU.Build.0 = Release|Any CPU
		{2A9DAAC7-73F0-42D9-8C0E-1D222C22B29A}.Debug|Any CPU.ActiveCfg = Debug|Any CPU
		{2A9DAAC7-73F0-42D9-8C0E-1D222C22B29A}.Debug|Any CPU.Build.0 = Debug|Any CPU
		{2A9DAAC7-73F0-42D9-8C0E-1D222C22B29A}.Release|Any CPU.ActiveCfg = Release|Any CPU
		{2A9DAAC7-73F0-42D9-8C0E-1D222C22B29A}.Release|Any CPU.Build.0 = Release|Any CPU
		{8F141EF2-1DB7-4C03-BA6C-6FD9F82F9F2F}.Debug|Any CPU.ActiveCfg = Debug|Any CPU
		{8F141EF2-1DB7-4C03-BA6C-6FD9F82F9F2F}.Debug|Any CPU.Build.0 = Debug|Any CPU
		{8F141EF2-1DB7-4C03-BA6C-6FD9F82F9F2F}.Release|Any CPU.ActiveCfg = Release|Any CPU
		{8F141EF2-1DB7-4C03-BA6C-6FD9F82F9F2F}.Release|Any CPU.Build.0 = Release|Any CPU
	EndGlobalSection
	GlobalSection(SolutionProperties) = preSolution
		HideSolutionNode = FALSE
	EndGlobalSection
	GlobalSection(ExtensibilityGlobals) = postSolution
		SolutionGuid = {7C832ED3-79CE-4461-9804-3C14797787E7}
	EndGlobalSection
EndGlobal
